name: Cloudflare block count

on:
  workflow_dispatch:
  schedule:
    - cron: '0 9 * * *'

jobs:
  update-block-badge:
    runs-on: ubuntu-latest
    steps:
      - name: Checkout code
        uses: actions/checkout@v4

      - name: Get number of blocked IPs and update README badge
        env:
          CLOUDFLARE_API_TOKEN: ${{ secrets.CLOUDFLARE_API_TOKEN }}
          CLOUDFLARE_ZONE_ID: ${{ secrets.CLOUDFLARE_ZONE_ID }}
        run: |
          COUNT=$(curl -s -X GET "https://api.cloudflare.com/client/v4/zones/$CLOUDFLARE_ZONE_ID/firewall/access_rules/rules?mode=block&per_page=1000" \
            -H "Authorization: Bearer $CLOUDFLARE_API_TOKEN" \
            -H "Content-Type: application/json" | jq '[.result[] | select(.configuration.target=="ip")] | length')
          # Remove all Cloudflare Block badge lines
          sed -i '/<img alt="Cloudflare Block" src="https:\/\/img.shields.io\/badge\/cloudflare--block-.*-red?logo=cloudflare.*style=for-the-badge">/d' README.md
          # Add the new badge after the Prod Silo badge
          awk '/<img alt="Prod Silo"/ {print; print "<img alt=\"Cloudflare Block\" src=\"https://img.shields.io/badge/cloudflare--block-'"$COUNT"'-red?logo=cloudflare&style=for-the-badge\">"; next} 1' README.md > README.tmp && mv README.tmp README.md
          git config --global user.email "github-actions[bot]@users.noreply.github.com"
          git config --global user.name "github-actions[bot]"
          git add README.md
          git commit -m "docs: update Cloudflare block badge [skip ci]" || echo "No changes to commit"
          git push https://x-access-token:${{ secrets.GH_TOKEN }}@github.com/${{ github.repository }}.git HEAD:${{ github.ref }}